# This file is automatically @generated by Cargo.
# It is not intended for manual editing.
version = 3

[[package]]
name = "bare-metal"
version = "0.2.5"
source = "registry+https://github.com/rust-lang/crates.io-index"
checksum = "5deb64efa5bd81e31fcd1938615a6d98c82eafcbcd787162b6f63b91d6bac5b3"
dependencies = [
 "rustc_version",
]

[[package]]
name = "bitfield"
version = "0.13.2"
source = "registry+https://github.com/rust-lang/crates.io-index"
checksum = "46afbd2983a5d5a7bd740ccb198caf5b82f45c40c09c0eed36052d91cb92e719"

[[package]]
name = "cfg-if"
version = "1.0.0"
source = "registry+https://github.com/rust-lang/crates.io-index"
checksum = "baf1de4339761588bc0619e3cbc0120ee582ebb74b53b4efbf79117bd2da40fd"

[[package]]
name = "cortex-m"
version = "0.7.7"
source = "registry+https://github.com/rust-lang/crates.io-index"
checksum = "8ec610d8f49840a5b376c69663b6369e71f4b34484b9b2eb29fb918d92516cb9"
dependencies = [
 "bare-metal",
 "bitfield",
 "critical-section",
 "embedded-hal 0.2.7",
 "volatile-register",
]

[[package]]
name = "cortex-m-rt"
version = "0.7.4"
source = "registry+https://github.com/rust-lang/crates.io-index"
checksum = "2722f5b7d6ea8583cffa4d247044e280ccbb9fe501bed56552e2ba48b02d5f3d"
dependencies = [
 "cortex-m-rt-macros",
]

[[package]]
name = "cortex-m-rt-macros"
version = "0.7.0"
source = "registry+https://github.com/rust-lang/crates.io-index"
checksum = "f0f6f3e36f203cfedbc78b357fb28730aa2c6dc1ab060ee5c2405e843988d3c7"
dependencies = [
 "proc-macro2",
 "quote",
 "syn 1.0.109",
]

[[package]]
name = "cortex-m-semihosting"
version = "0.5.0"
source = "registry+https://github.com/rust-lang/crates.io-index"
checksum = "c23234600452033cc77e4b761e740e02d2c4168e11dbf36ab14a0f58973592b0"
dependencies = [
 "cortex-m",
]

[[package]]
name = "crc-any"
version = "2.4.4"
source = "registry+https://github.com/rust-lang/crates.io-index"
checksum = "c01a5e1f881f6fb6099a7bdf949e946719fd4f1fefa56264890574febf0eb6d0"
dependencies = [
 "debug-helper",
]

[[package]]
name = "critical-section"
version = "1.1.2"
source = "registry+https://github.com/rust-lang/crates.io-index"
checksum = "7059fff8937831a9ae6f0fe4d658ffabf58f2ca96aa9dec1c889f936f705f216"

[[package]]
name = "debug-helper"
version = "0.3.13"
source = "registry+https://github.com/rust-lang/crates.io-index"
checksum = "f578e8e2c440e7297e008bb5486a3a8a194775224bbc23729b0dbdfaeebf162e"

[[package]]
name = "embedded-hal"
version = "0.2.7"
source = "registry+https://github.com/rust-lang/crates.io-index"
checksum = "35949884794ad573cf46071e41c9b60efb0cb311e3ca01f7af807af1debc66ff"
dependencies = [
 "nb 0.1.3",
 "void",
]

[[package]]
name = "embedded-hal"
version = "1.0.0"
source = "registry+https://github.com/rust-lang/crates.io-index"
checksum = "361a90feb7004eca4019fb28352a9465666b24f840f5c3cddf0ff13920590b89"

[[package]]
name = "futures"
version = "0.3.30"
source = "registry+https://github.com/rust-lang/crates.io-index"
checksum = "645c6916888f6cb6350d2550b80fb63e734897a8498abe35cfb732b6487804b0"
dependencies = [
 "futures-channel",
 "futures-core",
 "futures-io",
 "futures-sink",
 "futures-task",
 "futures-util",
]

[[package]]
name = "futures-channel"
version = "0.3.30"
source = "registry+https://github.com/rust-lang/crates.io-index"
checksum = "eac8f7d7865dcb88bd4373ab671c8cf4508703796caa2b1985a9ca867b3fcb78"
dependencies = [
 "futures-core",
 "futures-sink",
]

[[package]]
name = "futures-core"
version = "0.3.30"
source = "registry+https://github.com/rust-lang/crates.io-index"
checksum = "dfc6580bb841c5a68e9ef15c77ccc837b40a7504914d52e47b8b0e9bbda25a1d"

[[package]]
name = "futures-io"
version = "0.3.30"
source = "registry+https://github.com/rust-lang/crates.io-index"
checksum = "a44623e20b9681a318efdd71c299b6b222ed6f231972bfe2f224ebad6311f0c1"

[[package]]
name = "futures-macro"
version = "0.3.30"
source = "registry+https://github.com/rust-lang/crates.io-index"
checksum = "87750cf4b7a4c0625b1529e4c543c2182106e4dedc60a2a6455e00d212c489ac"
dependencies = [
 "proc-macro2",
 "quote",
 "syn 2.0.60",
]

[[package]]
name = "futures-sink"
version = "0.3.30"
source = "registry+https://github.com/rust-lang/crates.io-index"
checksum = "9fb8e00e87438d937621c1c6269e53f536c14d3fbd6a042bb24879e57d474fb5"

[[package]]
name = "futures-task"
version = "0.3.30"
source = "registry+https://github.com/rust-lang/crates.io-index"
checksum = "38d84fa142264698cdce1a9f9172cf383a0c82de1bddcf3092901442c4097004"

[[package]]
name = "futures-util"
version = "0.3.30"
source = "registry+https://github.com/rust-lang/crates.io-index"
checksum = "3d6401deb83407ab3da39eba7e33987a73c3df0c82b4bb5813ee871c19c41d48"
dependencies = [
 "futures-core",
 "futures-macro",
 "futures-sink",
 "futures-task",
 "pin-project-lite",
 "pin-utils",
]

[[package]]
name = "lilos"
version = "1.2.0"
dependencies = [
 "cfg-if",
 "cortex-m",
 "cortex-m-rt",
 "lilos-list",
 "pin-project",
 "portable-atomic",
 "riscv",
 "riscv-peripheral",
 "riscv-rt",
 "riscv-semihosting",
]

[[package]]
name = "lilos-example-rp2040-minimal"
version = "0.1.0"
dependencies = [
 "cortex-m",
 "cortex-m-rt",
 "lilos",
 "panic-halt",
 "rp2040-boot2",
 "rp2040-pac",
]

[[package]]
name = "lilos-example-stm32f4-blinky"
version = "0.1.0"
dependencies = [
 "cortex-m",
 "cortex-m-rt",
 "lilos",
 "panic-halt",
 "stm32-metapac",
]

[[package]]
name = "lilos-example-stm32f4-minimal"
version = "0.1.0"
dependencies = [
 "cortex-m",
 "cortex-m-rt",
 "lilos",
 "panic-halt",
 "stm32-metapac",
]

[[package]]
name = "lilos-example-stm32f4-uart-echo"
version = "0.1.0"
dependencies = [
 "cortex-m",
 "cortex-m-rt",
 "futures",
 "lilos",
 "panic-halt",
 "stm32-metapac",
]

[[package]]
name = "lilos-example-stm32g031-minimal"
version = "0.1.0"
dependencies = [
 "cortex-m",
 "cortex-m-rt",
 "lilos",
 "panic-halt",
 "stm32-metapac",
]

[[package]]
name = "lilos-example-stm32h7-minimal"
version = "0.1.0"
dependencies = [
 "cortex-m",
 "cortex-m-rt",
 "futures",
 "lilos",
 "panic-halt",
 "stm32-metapac",
]

[[package]]
name = "lilos-example-stm32h7-uart-echo"
version = "0.1.0"
dependencies = [
 "cortex-m",
 "cortex-m-rt",
 "futures",
 "lilos",
 "panic-halt",
 "stm32-metapac",
]

[[package]]
name = "lilos-handoff"
version = "1.0.1"
dependencies = [
 "lilos",
 "scopeguard",
]

[[package]]
name = "lilos-list"
version = "0.1.0"
dependencies = [
 "pin-project",
]

[[package]]
name = "lilos-rwlock"
version = "0.2.0"
dependencies = [
 "lilos",
 "lilos-list",
 "pin-project",
 "scopeguard",
]

[[package]]
name = "lilos-semaphore"
version = "0.2.0"
dependencies = [
 "lilos",
 "lilos-list",
 "pin-project",
 "portable-atomic",
]

[[package]]
name = "lilos-testsuite"
version = "0.1.0"
dependencies = [
 "cortex-m",
 "cortex-m-rt",
 "cortex-m-semihosting",
 "futures",
 "lilos",
 "lilos-handoff",
 "lilos-list",
 "lilos-rwlock",
 "lilos-semaphore",
 "lilos-watch",
 "panic-semihosting",
 "portable-atomic",
 "riscv-semihosting",
]

[[package]]
name = "lilos-testsuite-lm3s6965"
version = "0.1.0"
dependencies = [
 "cortex-m",
 "cortex-m-rt",
 "lilos-testsuite",
 "panic-semihosting",
]

[[package]]
name = "lilos-testsuite-riscv-virt"
version = "0.1.0"
dependencies = [
 "lilos-testsuite",
 "riscv",
 "riscv-peripheral",
 "riscv-rt",
 "riscv-semihosting",
]

[[package]]
name = "lilos-testsuite-stm32f3"
version = "0.1.0"
dependencies = [
 "cortex-m",
 "cortex-m-rt",
 "lilos-testsuite",
 "panic-semihosting",
]

[[package]]
name = "lilos-testsuite-stm32f4"
version = "0.1.0"
dependencies = [
 "cortex-m",
 "cortex-m-rt",
 "lilos-testsuite",
 "panic-semihosting",
]

[[package]]
name = "lilos-testsuite-stm32g0"
version = "0.1.0"
dependencies = [
 "cortex-m",
 "cortex-m-rt",
 "lilos-testsuite",
 "panic-halt",
]

[[package]]
name = "lilos-watch"
version = "0.1.0"
dependencies = [
 "lilos",
]

[[package]]
name = "nb"
version = "0.1.3"
source = "registry+https://github.com/rust-lang/crates.io-index"
checksum = "801d31da0513b6ec5214e9bf433a77966320625a37860f910be265be6e18d06f"
dependencies = [
 "nb 1.1.0",
]

[[package]]
name = "nb"
version = "1.1.0"
source = "registry+https://github.com/rust-lang/crates.io-index"
checksum = "8d5439c4ad607c3c23abf66de8c8bf57ba8adcd1f129e699851a6e43935d339d"

[[package]]
name = "panic-halt"
version = "0.2.0"
source = "registry+https://github.com/rust-lang/crates.io-index"
checksum = "de96540e0ebde571dc55c73d60ef407c653844e6f9a1e2fdbd40c07b9252d812"

[[package]]
name = "panic-semihosting"
version = "0.6.0"
source = "registry+https://github.com/rust-lang/crates.io-index"
checksum = "ee8a3e1233d9073d76a870223512ce4eeea43c067a94a445c13bd6d792d7b1ab"
dependencies = [
 "cortex-m",
 "cortex-m-semihosting",
]

[[package]]
name = "pin-project"
version = "1.1.5"
source = "registry+https://github.com/rust-lang/crates.io-index"
checksum = "b6bf43b791c5b9e34c3d182969b4abb522f9343702850a2e57f460d00d09b4b3"
dependencies = [
 "pin-project-internal",
]

[[package]]
name = "pin-project-internal"
version = "1.1.5"
source = "registry+https://github.com/rust-lang/crates.io-index"
checksum = "2f38a4412a78282e09a2cf38d195ea5420d15ba0602cb375210efbc877243965"
dependencies = [
 "proc-macro2",
 "quote",
 "syn 2.0.60",
]

[[package]]
name = "pin-project-lite"
version = "0.2.14"
source = "registry+https://github.com/rust-lang/crates.io-index"
checksum = "bda66fc9667c18cb2758a2ac84d1167245054bcf85d5d1aaa6923f45801bdd02"

[[package]]
name = "pin-utils"
version = "0.1.0"
source = "registry+https://github.com/rust-lang/crates.io-index"
checksum = "8b870d8c151b6f2fb93e84a13146138f05d02ed11c7e7c54f8826aaaf7c9f184"

[[package]]
name = "portable-atomic"
version = "1.6.0"
source = "registry+https://github.com/rust-lang/crates.io-index"
checksum = "7170ef9988bc169ba16dd36a7fa041e5c4cbeb6a35b76d4c03daded371eae7c0"
dependencies = [
 "critical-section",
]

[[package]]
name = "proc-macro2"
version = "1.0.81"
source = "registry+https://github.com/rust-lang/crates.io-index"
checksum = "3d1597b0c024618f09a9c3b8655b7e430397a36d23fdafec26d6965e9eec3eba"
dependencies = [
 "unicode-ident",
]

[[package]]
name = "quote"
version = "1.0.36"
source = "registry+https://github.com/rust-lang/crates.io-index"
checksum = "0fa76aaf39101c457836aec0ce2316dbdc3ab723cdda1c6bd4e6ad4208acaca7"
dependencies = [
 "proc-macro2",
]

[[package]]
name = "riscv"
version = "0.11.1"
source = "git+https://github.com/rust-embedded/riscv.git#7291ac280ce9af03878c0ad7eaa7c31f2acce90f"
dependencies = [
 "critical-section",
 "embedded-hal 1.0.0",
]

[[package]]
name = "riscv-pac"
version = "0.1.1"
source = "git+https://github.com/rust-embedded/riscv.git#7291ac280ce9af03878c0ad7eaa7c31f2acce90f"

[[package]]
name = "riscv-peripheral"
version = "0.1.0"
source = "git+https://github.com/rust-embedded/riscv.git#7291ac280ce9af03878c0ad7eaa7c31f2acce90f"
dependencies = [
 "embedded-hal 1.0.0",
 "riscv",
 "riscv-pac",
]

[[package]]
name = "riscv-rt"
version = "0.13.0"
source = "git+https://github.com/rust-embedded/riscv.git#7291ac280ce9af03878c0ad7eaa7c31f2acce90f"
dependencies = [
 "riscv",
 "riscv-rt-macros",
]

[[package]]
name = "riscv-rt-macros"
version = "0.2.1"
source = "git+https://github.com/rust-embedded/riscv.git#7291ac280ce9af03878c0ad7eaa7c31f2acce90f"
dependencies = [
 "proc-macro2",
 "quote",
 "syn 1.0.109",
]

[[package]]
name = "riscv-semihosting"
version = "0.1.0"
source = "git+https://github.com/rust-embedded/riscv.git#7291ac280ce9af03878c0ad7eaa7c31f2acce90f"
dependencies = [
 "critical-section",
 "riscv",
]

[[package]]
name = "rp2040-boot2"
version = "0.2.1"
source = "registry+https://github.com/rust-lang/crates.io-index"
checksum = "3c773ec49b836077aa144b58dc7654a243e1eecdb6cf0d25361ae7c7600fabd8"
dependencies = [
 "crc-any",
]

[[package]]
name = "rp2040-pac"
version = "0.3.0"
source = "registry+https://github.com/rust-lang/crates.io-index"
checksum = "13a6106d5db01c7171a39c1f7696780912db9b42fe7ac722db60069c8904ea7c"
dependencies = [
 "cortex-m",
 "cortex-m-rt",
 "vcell",
]

[[package]]
name = "rustc_version"
version = "0.2.3"
source = "registry+https://github.com/rust-lang/crates.io-index"
checksum = "138e3e0acb6c9fb258b19b67cb8abd63c00679d2851805ea151465464fe9030a"
dependencies = [
 "semver",
]

[[package]]
name = "scopeguard"
version = "1.2.0"
source = "registry+https://github.com/rust-lang/crates.io-index"
checksum = "94143f37725109f92c262ed2cf5e59bce7498c01bcc1502d7b9afe439a4e9f49"

[[package]]
name = "semver"
version = "0.9.0"
source = "registry+https://github.com/rust-lang/crates.io-index"
checksum = "1d7eb9ef2c18661902cc47e535f9bc51b78acd254da71d375c2f6720d9a40403"
dependencies = [
 "semver-parser",
]

[[package]]
name = "semver-parser"
version = "0.7.0"
source = "registry+https://github.com/rust-lang/crates.io-index"
checksum = "388a1df253eca08550bef6c72392cfe7c30914bf41df5269b68cbd6ff8f570a3"

[[package]]
name = "stm32-metapac"
version = "15.0.0"
source = "registry+https://github.com/rust-lang/crates.io-index"
checksum = "deabea56a8821dcea05d0109f3ab3135f31eb572444e5da203d06149c594c8c6"
dependencies = [
 "cortex-m",
 "cortex-m-rt",
]

[[package]]
name = "syn"
version = "1.0.109"
source = "registry+https://github.com/rust-lang/crates.io-index"
checksum = "72b64191b275b66ffe2469e8af2c1cfe3bafa67b529ead792a6d0160888b4237"
dependencies = [
 "proc-macro2",
 "quote",
 "unicode-ident",
]

[[package]]
name = "syn"
version = "2.0.60"
source = "registry+https://github.com/rust-lang/crates.io-index"
checksum = "909518bc7b1c9b779f1bbf07f2929d35af9f0f37e47c6e9ef7f9dddc1e1821f3"
dependencies = [
 "proc-macro2",
 "quote",
 "unicode-ident",
]

[[package]]
name = "unicode-ident"
version = "1.0.12"
source = "registry+https://github.com/rust-lang/crates.io-index"
checksum = "3354b9ac3fae1ff6755cb6db53683adb661634f67557942dea4facebec0fee4b"

[[package]]
name = "vcell"
version = "0.1.3"
source = "registry+https://github.com/rust-lang/crates.io-index"
checksum = "77439c1b53d2303b20d9459b1ade71a83c716e3f9c34f3228c00e6f185d6c002"

[[package]]
name = "void"
version = "1.0.2"
source = "registry+https://github.com/rust-lang/crates.io-index"
checksum = "6a02e4885ed3bc0f2de90ea6dd45ebcbb66dacffe03547fadbb0eeae2770887d"

[[package]]
name = "volatile-register"
version = "0.2.2"
source = "registry+https://github.com/rust-lang/crates.io-index"
checksum = "de437e2a6208b014ab52972a27e59b33fa2920d3e00fe05026167a1c509d19cc"
dependencies = [
 "vcell",
]
